
Microsoft Visual Studio Solution File, Format Version 12.00
# Visual Studio Version 17
VisualStudioVersion = 17.14.36705.20 d17.14
MinimumVisualStudioVersion = 10.0.40219.1
Project("{FAE04EC0-301F-11D3-BF4B-00C04F79EFBC}") = "BufeteGW", "BufeteGW\BufeteGW.csproj", "{CDB8D565-0FE4-46ED-8940-2A8D320CF58A}"
EndProject
Global
	GlobalSection(SolutionConfigurationPlatforms) = preSolution
		Debug|Any CPU = Debug|Any CPU
		Release|Any CPU = Release|Any CPU
	EndGlobalSection
	GlobalSection(ProjectConfigurationPlatforms) = postSolution
		{CDB8D565-0FE4-46ED-8940-2A8D320CF58A}.Debug|Any CPU.ActiveCfg = Debug|Any CPU
		{CDB8D565-0FE4-46ED-8940-2A8D320CF58A}.Debug|Any CPU.Build.0 = Debug|Any CPU
		{CDB8D565-0FE4-46ED-8940-2A8D320CF58A}.Release|Any CPU.ActiveCfg = Release|Any CPU
		{CDB8D565-0FE4-46ED-8940-2A8D320CF58A}.Release|Any CPU.Build.0 = Release|Any CPU
	EndGlobalSection
	GlobalSection(SolutionProperties) = preSolution
		HideSolutionNode = FALSE
	EndGlobalSection
	GlobalSection(ExtensibilityGlobals) = postSolution
		SolutionGuid = {21F4E717-9223-49B3-9844-2DE42E8288FC}
	EndGlobalSection
EndGlobal
