
Microsoft Visual Studio Solution File, Format Version 12.00
# Visual Studio Version 17
VisualStudioVersion = 17.14.36414.22 d17.14
MinimumVisualStudioVersion = 10.0.40219.1
Project("{FAE04EC0-301F-11D3-BF4B-00C04F79EFBC}") = "laboratorio 1", "laboratorio 1\laboratorio 1.csproj", "{191A8848-2EAA-45D8-A57B-EE8384671348}"
EndProject
Global
	GlobalSection(SolutionConfigurationPlatforms) = preSolution
		Debug|Any CPU = Debug|Any CPU
		Release|Any CPU = Release|Any CPU
	EndGlobalSection
	GlobalSection(ProjectConfigurationPlatforms) = postSolution
		{191A8848-2EAA-45D8-A57B-EE8384671348}.Debug|Any CPU.ActiveCfg = Debug|Any CPU
		{191A8848-2EAA-45D8-A57B-EE8384671348}.Debug|Any CPU.Build.0 = Debug|Any CPU
		{191A8848-2EAA-45D8-A57B-EE8384671348}.Release|Any CPU.ActiveCfg = Release|Any CPU
		{191A8848-2EAA-45D8-A57B-EE8384671348}.Release|Any CPU.Build.0 = Release|Any CPU
	EndGlobalSection
	GlobalSection(SolutionProperties) = preSolution
		HideSolutionNode = FALSE
	EndGlobalSection
	GlobalSection(ExtensibilityGlobals) = postSolution
		SolutionGuid = {A341F94C-7D34-4A72-8E7F-F000CECE6C74}
	EndGlobalSection
EndGlobal
